
Microsoft Visual Studio Solution File, Format Version 12.00
# Visual Studio Version 16
VisualStudioVersion = 16.0.30621.155
MinimumVisualStudioVersion = 10.0.40219.1
Project("{FAE04EC0-301F-11D3-BF4B-00C04F79EFBC}") = "EmployeeApplication", "EmployeeApplication\EmployeeApplication.csproj", "{8AF060D1-F51D-4BD9-B2B0-8666F879B884}"
EndProject
Global
	GlobalSection(SolutionConfigurationPlatforms) = preSolution
		Debug|Any CPU = Debug|Any CPU
		Release|Any CPU = Release|Any CPU
	EndGlobalSection
	GlobalSection(ProjectConfigurationPlatforms) = postSolution
		{8AF060D1-F51D-4BD9-B2B0-8666F879B884}.Debug|Any CPU.ActiveCfg = Debug|Any CPU
		{8AF060D1-F51D-4BD9-B2B0-8666F879B884}.Debug|Any CPU.Build.0 = Debug|Any CPU
		{8AF060D1-F51D-4BD9-B2B0-8666F879B884}.Release|Any CPU.ActiveCfg = Release|Any CPU
		{8AF060D1-F51D-4BD9-B2B0-8666F879B884}.Release|Any CPU.Build.0 = Release|Any CPU
	EndGlobalSection
	GlobalSection(SolutionProperties) = preSolution
		HideSolutionNode = FALSE
	EndGlobalSection
	GlobalSection(ExtensibilityGlobals) = postSolution
		SolutionGuid = {B047FF28-D1EE-4C21-B1F9-58288A4BB308}
	EndGlobalSection
EndGlobal
